// !$*UTF8*$!
{
	archiveVersion = 1;
	classes = {
	};
	objectVersion = 77;
	objects = {

/* Begin PBXContainerItemProxy section */
		DADC808B2D27D2EB006C5976 /* PBXContainerItemProxy */ = {
			isa = PBXContainerItemProxy;
			containerPortal = DADC806D2D27D2E9006C5976 /* Project object */;
			proxyType = 1;
			remoteGlobalIDString = DADC80742D27D2E9006C5976;
			remoteInfo = BudgetApp;
		};
		DADC80952D27D2EB006C5976 /* PBXContainerItemProxy */ = {
			isa = PBXContainerItemProxy;
			containerPortal = DADC806D2D27D2E9006C5976 /* Project object */;
			proxyType = 1;
			remoteGlobalIDString = DADC80742D27D2E9006C5976;
			remoteInfo = BudgetApp;
		};
/* End PBXContainerItemProxy section */

/* Begin PBXFileReference section */
		DADC80752D27D2E9006C5976 /* BudgetApp.app */ = {isa = PBXFileReference; explicitFileType = wrapper.application; includeInIndex = 0; path = BudgetApp.app; sourceTree = BUILT_PRODUCTS_DIR; };
		DADC808A2D27D2EB006C5976 /* BudgetAppTests.xctest */ = {isa = PBXFileReference; explicitFileType = wrapper.cfbundle; includeInIndex = 0; path = BudgetAppTests.xctest; sourceTree = BUILT_PRODUCTS_DIR; };
		DADC80942D27D2EB006C5976 /* BudgetAppUITests.xctest */ = {isa = PBXFileReference; explicitFileType = wrapper.cfbundle; includeInIndex = 0; path = BudgetAppUITests.xctest; sourceTree = BUILT_PRODUCTS_DIR; };
/* End PBXFileReference section */

/* Begin PBXFileSystemSynchronizedRootGroup section */
		DADC80772D27D2E9006C5976 /* BudgetApp */ = {
			isa = PBXFileSystemSynchronizedRootGroup;
			path = BudgetApp;
			sourceTree = "<group>";
		};
		DADC808D2D27D2EB006C5976 /* BudgetAppTests */ = {
			isa = PBXFileSystemSynchronizedRootGroup;
			path = BudgetAppTests;
			sourceTree = "<group>";
		};
		DADC80972D27D2EB006C5976 /* BudgetAppUITests */ = {
			isa = PBXFileSystemSynchronizedRootGroup;
			path = BudgetAppUITests;
			sourceTree = "<group>";
		};
/* End PBXFileSystemSynchronizedRootGroup section */

/* Begin PBXFrameworksBuildPhase section */
		DADC80722D27D2E9006C5976 /* Frameworks */ = {
			isa = PBXFrameworksBuildPhase;
			buildActionMask = 2147483647;
			files = (
			);
			runOnlyForDeploymentPostprocessing = 0;
		};
		DADC80872D27D2EB006C5976 /* Frameworks */ = {
			isa = PBXFrameworksBuildPhase;
			buildActionMask = 2147483647;
			files = (
			);
			runOnlyForDeploymentPostprocessing = 0;
		};
		DADC80912D27D2EB006C5976 /* Frameworks */ = {
			isa = PBXFrameworksBuildPhase;
			buildActionMask = 2147483647;
			files = (
			);
			runOnlyForDeploymentPostprocessing = 0;
		};
/* End PBXFrameworksBuildPhase section */

/* Begin PBXGroup section */
		DADC806C2D27D2E9006C5976 = {
			isa = PBXGroup;
			children = (
				DADC80772D27D2E9006C5976 /* BudgetApp */,
				DADC808D2D27D2EB006C5976 /* BudgetAppTests */,
				DADC80972D27D2EB006C5976 /* BudgetAppUITests */,
				DADC80762D27D2E9006C5976 /* Products */,
			);
			sourceTree = "<group>";
		};
		DADC80762D27D2E9006C5976 /* Products */ = {
			isa = PBXGroup;
			children = (
				DADC80752D27D2E9006C5976 /* BudgetApp.app */,
				DADC808A2D27D2EB006C5976 /* BudgetAppTests.xctest */,
				DADC80942D27D2EB006C5976 /* BudgetAppUITests.xctest */,
			);
			name = Products;
			sourceTree = "<group>";
		};
/* End PBXGroup section */

/* Begin PBXNativeTarget section */
		DADC80742D27D2E9006C5976 /* BudgetApp */ = {
			isa = PBXNativeTarget;
			buildConfigurationList = DADC809E2D27D2EB006C5976 /* Build configuration list for PBXNativeTarget "BudgetApp" */;
			buildPhases = (
				DADC80712D27D2E9006C5976 /* Sources */,
				DADC80722D27D2E9006C5976 /* Frameworks */,
				DADC80732D27D2E9006C5976 /* Resources */,
			);
			buildRules = (
			);
			dependencies = (
			);
			fileSystemSynchronizedGroups = (
				DADC80772D27D2E9006C5976 /* BudgetApp */,
			);
			name = BudgetApp;
			packageProductDependencies = (
			);
			productName = BudgetApp;
			productReference = DADC80752D27D2E9006C5976 /* BudgetApp.app */;
			productType = "com.apple.product-type.application";
		};
		DADC80892D27D2EB006C5976 /* BudgetAppTests */ = {
			isa = PBXNativeTarget;
			buildConfigurationList = DADC80A12D27D2EB006C5976 /* Build configuration list for PBXNativeTarget "BudgetAppTests" */;
			buildPhases = (
				DADC80862D27D2EB006C5976 /* Sources */,
				DADC80872D27D2EB006C5976 /* Frameworks */,
				DADC80882D27D2EB006C5976 /* Resources */,
			);
			buildRules = (
			);
			dependencies = (
				DADC808C2D27D2EB006C5976 /* PBXTargetDependency */,
			);
			fileSystemSynchronizedGroups = (
				DADC808D2D27D2EB006C5976 /* BudgetAppTests */,
			);
			name = BudgetAppTests;
			packageProductDependencies = (
			);
			productName = BudgetAppTests;
			productReference = DADC808A2D27D2EB006C5976 /* BudgetAppTests.xctest */;
			productType = "com.apple.product-type.bundle.unit-test";
		};
		DADC80932D27D2EB006C5976 /* BudgetAppUITests */ = {
			isa = PBXNativeTarget;
			buildConfigurationList = DADC80A42D27D2EB006C5976 /* Build configuration list for PBXNativeTarget "BudgetAppUITests" */;
			buildPhases = (
				DADC80902D27D2EB006C5976 /* Sources */,
				DADC80912D27D2EB006C5976 /* Frameworks */,
				DADC80922D27D2EB006C5976 /* Resources */,
			);
			buildRules = (
			);
			dependencies = (
				DADC80962D27D2EB006C5976 /* PBXTargetDependency */,
			);
			fileSystemSynchronizedGroups = (
				DADC80972D27D2EB006C5976 /* BudgetAppUITests */,
			);
			name = BudgetAppUITests;
			packageProductDependencies = (
			);
			productName = BudgetAppUITests;
			productReference = DADC80942D27D2EB006C5976 /* BudgetAppUITests.xctest */;
			productType = "com.apple.product-type.bundle.ui-testing";
		};
/* End PBXNativeTarget section */

/* Begin PBXProject section */
		DADC806D2D27D2E9006C5976 /* Project object */ = {
			isa = PBXProject;
			attributes = {
				BuildIndependentTargetsInParallel = 1;
				LastSwiftUpdateCheck = 1620;
				LastUpgradeCheck = 1620;
				TargetAttributes = {
					DADC80742D27D2E9006C5976 = {
						CreatedOnToolsVersion = 16.2;
					};
					DADC80892D27D2EB006C5976 = {
						CreatedOnToolsVersion = 16.2;
						TestTargetID = DADC80742D27D2E9006C5976;
					};
					DADC80932D27D2EB006C5976 = {
						CreatedOnToolsVersion = 16.2;
						TestTargetID = DADC80742D27D2E9006C5976;
					};
				};
			};
			buildConfigurationList = DADC80702D27D2E9006C5976 /* Build configuration list for PBXProject "BudgetApp" */;
			developmentRegion = en;
			hasScannedForEncodings = 0;
			knownRegions = (
				en,
				Base,
			);
			mainGroup = DADC806C2D27D2E9006C5976;
			minimizedProjectReferenceProxies = 1;
			preferredProjectObjectVersion = 77;
			productRefGroup = DADC80762D27D2E9006C5976 /* Products */;
			projectDirPath = "";
			projectRoot = "";
			targets = (
				DADC80742D27D2E9006C5976 /* BudgetApp */,
				DADC80892D27D2EB006C5976 /* BudgetAppTests */,
				DADC80932D27D2EB006C5976 /* BudgetAppUITests */,
			);
		};
/* End PBXProject section */

/* Begin PBXResourcesBuildPhase section */
		DADC80732D27D2E9006C5976 /* Resources */ = {
			isa = PBXResourcesBuildPhase;
			buildActionMask = 2147483647;
			files = (
			);
			runOnlyForDeploymentPostprocessing = 0;
		};
		DADC80882D27D2EB006C5976 /* Resources */ = {
			isa = PBXResourcesBuildPhase;
			buildActionMask = 2147483647;
			files = (
			);
			runOnlyForDeploymentPostprocessing = 0;
		};
		DADC80922D27D2EB006C5976 /* Resources */ = {
			isa = PBXResourcesBuildPhase;
			buildActionMask = 2147483647;
			files = (
			);
			runOnlyForDeploymentPostprocessing = 0;
		};
/* End PBXResourcesBuildPhase section */

/* Begin PBXSourcesBuildPhase section */
		DADC80712D27D2E9006C5976 /* Sources */ = {
			isa = PBXSourcesBuildPhase;
			buildActionMask = 2147483647;
			files = (
			);
			runOnlyForDeploymentPostprocessing = 0;
		};
		DADC80862D27D2EB006C5976 /* Sources */ = {
			isa = PBXSourcesBuildPhase;
			buildActionMask = 2147483647;
			files = (
			);
			runOnlyForDeploymentPostprocessing = 0;
		};
		DADC80902D27D2EB006C5976 /* Sources */ = {
			isa = PBXSourcesBuildPhase;
			buildActionMask = 2147483647;
			files = (
			);
			runOnlyForDeploymentPostprocessing = 0;
		};
/* End PBXSourcesBuildPhase section */

/* Begin PBXTargetDependency section */
		DADC808C2D27D2EB006C5976 /* PBXTargetDependency */ = {
			isa = PBXTargetDependency;
			target = DADC80742D27D2E9006C5976 /* BudgetApp */;
			targetProxy = DADC808B2D27D2EB006C5976 /* PBXContainerItemProxy */;
		};
		DADC80962D27D2EB006C5976 /* PBXTargetDependency */ = {
			isa = PBXTargetDependency;
			target = DADC80742D27D2E9006C5976 /* BudgetApp */;
			targetProxy = DADC80952D27D2EB006C5976 /* PBXContainerItemProxy */;
		};
/* End PBXTargetDependency section */

/* Begin XCBuildConfiguration section */
		DADC809C2D27D2EB006C5976 /* Debug */ = {
			isa = XCBuildConfiguration;
			buildSettings = {
				ALWAYS_SEARCH_USER_PATHS = NO;
				ASSETCATALOG_COMPILER_GENERATE_SWIFT_ASSET_SYMBOL_EXTENSIONS = YES;
				CLANG_ANALYZER_NONNULL = YES;
				CLANG_ANALYZER_NUMBER_OBJECT_CONVERSION = YES_AGGRESSIVE;
				CLANG_CXX_LANGUAGE_STANDARD = "gnu++20";
				CLANG_ENABLE_MODULES = YES;
				CLANG_ENABLE_OBJC_ARC = YES;
				CLANG_ENABLE_OBJC_WEAK = YES;
				CLANG_WARN_BLOCK_CAPTURE_AUTORELEASING = YES;
				CLANG_WARN_BOOL_CONVERSION = YES;
				CLANG_WARN_COMMA = YES;
				CLANG_WARN_CONSTANT_CONVERSION = YES;
				CLANG_WARN_DEPRECATED_OBJC_IMPLEMENTATIONS = YES;
				CLANG_WARN_DIRECT_OBJC_ISA_USAGE = YES_ERROR;
				CLANG_WARN_DOCUMENTATION_COMMENTS = YES;
				CLANG_WARN_EMPTY_BODY = YES;
				CLANG_WARN_ENUM_CONVERSION = YES;
				CLANG_WARN_INFINITE_RECURSION = YES;
				CLANG_WARN_INT_CONVERSION = YES;
				CLANG_WARN_NON_LITERAL_NULL_CONVERSION = YES;
				CLANG_WARN_OBJC_IMPLICIT_RETAIN_SELF = YES;
				CLANG_WARN_OBJC_LITERAL_CONVERSION = YES;
				CLANG_WARN_OBJC_ROOT_CLASS = YES_ERROR;
				CLANG_WARN_QUOTED_INCLUDE_IN_FRAMEWORK_HEADER = YES;
				CLANG_WARN_RANGE_LOOP_ANALYSIS = YES;
				CLANG_WARN_STRICT_PROTOTYPES = YES;
				CLANG_WARN_SUSPICIOUS_MOVE = YES;
				CLANG_WARN_UNGUARDED_AVAILABILITY = YES_AGGRESSIVE;
				CLANG_WARN_UNREACHABLE_CODE = YES;
				CLANG_WARN__DUPLICATE_METHOD_MATCH = YES;
				COPY_PHASE_STRIP = NO;
				DEBUG_INFORMATION_FORMAT = dwarf;
				ENABLE_STRICT_OBJC_MSGSEND = YES;
				ENABLE_TESTABILITY = YES;
				ENABLE_USER_SCRIPT_SANDBOXING = YES;
				GCC_C_LANGUAGE_STANDARD = gnu17;
				GCC_DYNAMIC_NO_PIC = NO;
				GCC_NO_COMMON_BLOCKS = YES;
				GCC_OPTIMIZATION_LEVEL = 0;
				GCC_PREPROCESSOR_DEFINITIONS = (
					"DEBUG=1",
					"$(inherited)",
				);
				GCC_WARN_64_TO_32_BIT_CONVERSION = YES;
				GCC_WARN_ABOUT_RETURN_TYPE = YES_ERROR;
				GCC_WARN_UNDECLARED_SELECTOR = YES;
				GCC_WARN_UNINITIALIZED_AUTOS = YES_AGGRESSIVE;
				GCC_WARN_UNUSED_FUNCTION = YES;
				GCC_WARN_UNUSED_VARIABLE = YES;
				IPHONEOS_DEPLOYMENT_TARGET = 18.2;
				LOCALIZATION_PREFERS_STRING_CATALOGS = YES;
				MTL_ENABLE_DEBUG_INFO = INCLUDE_SOURCE;
				MTL_FAST_MATH = YES;
				ONLY_ACTIVE_ARCH = YES;
				SDKROOT = iphoneos;
				SWIFT_ACTIVE_COMPILATION_CONDITIONS = "DEBUG $(inherited)";
				SWIFT_OPTIMIZATION_LEVEL = "-Onone";
			};
			name = Debug;
		};
		DADC809D2D27D2EB006C5976 /* Release */ = {
			isa = XCBuildConfiguration;
			buildSettings = {
				ALWAYS_SEARCH_USER_PATHS = NO;
				ASSETCATALOG_COMPILER_GENERATE_SWIFT_ASSET_SYMBOL_EXTENSIONS = YES;
				CLANG_ANALYZER_NONNULL = YES;
				CLANG_ANALYZER_NUMBER_OBJECT_CONVERSION = YES_AGGRESSIVE;
				CLANG_CXX_LANGUAGE_STANDARD = "gnu++20";
				CLANG_ENABLE_MODULES = YES;
				CLANG_ENABLE_OBJC_ARC = YES;
				CLANG_ENABLE_OBJC_WEAK = YES;
				CLANG_WARN_BLOCK_CAPTURE_AUTORELEASING = YES;
				CLANG_WARN_BOOL_CONVERSION = YES;
				CLANG_WARN_COMMA = YES;
				CLANG_WARN_CONSTANT_CONVERSION = YES;
				CLANG_WARN_DEPRECATED_OBJC_IMPLEMENTATIONS = YES;
				CLANG_WARN_DIRECT_OBJC_ISA_USAGE = YES_ERROR;
				CLANG_WARN_DOCUMENTATION_COMMENTS = YES;
				CLANG_WARN_EMPTY_BODY = YES;
				CLANG_WARN_ENUM_CONVERSION = YES;
				CLANG_WARN_INFINITE_RECURSION = YES;
				CLANG_WARN_INT_CONVERSION = YES;
				CLANG_WARN_NON_LITERAL_NULL_CONVERSION = YES;
				CLANG_WARN_OBJC_IMPLICIT_RETAIN_SELF = YES;
				CLANG_WARN_OBJC_LITERAL_CONVERSION = YES;
				CLANG_WARN_OBJC_ROOT_CLASS = YES_ERROR;
				CLANG_WARN_QUOTED_INCLUDE_IN_FRAMEWORK_HEADER = YES;
				CLANG_WARN_RANGE_LOOP_ANALYSIS = YES;
				CLANG_WARN_STRICT_PROTOTYPES = YES;
				CLANG_WARN_SUSPICIOUS_MOVE = YES;
				CLANG_WARN_UNGUARDED_AVAILABILITY = YES_AGGRESSIVE;
				CLANG_WARN_UNREACHABLE_CODE = YES;
				CLANG_WARN__DUPLICATE_METHOD_MATCH = YES;
				COPY_PHASE_STRIP = NO;
				DEBUG_INFORMATION_FORMAT = "dwarf-with-dsym";
				ENABLE_NS_ASSERTIONS = NO;
				ENABLE_STRICT_OBJC_MSGSEND = YES;
				ENABLE_USER_SCRIPT_SANDBOXING = YES;
				GCC_C_LANGUAGE_STANDARD = gnu17;
				GCC_NO_COMMON_BLOCKS = YES;
				GCC_WARN_64_TO_32_BIT_CONVERSION = YES;
				GCC_WARN_ABOUT_RETURN_TYPE = YES_ERROR;
				GCC_WARN_UNDECLARED_SELECTOR = YES;
				GCC_WARN_UNINITIALIZED_AUTOS = YES_AGGRESSIVE;
				GCC_WARN_UNUSED_FUNCTION = YES;
				GCC_WARN_UNUSED_VARIABLE = YES;
				IPHONEOS_DEPLOYMENT_TARGET = 18.2;
				LOCALIZATION_PREFERS_STRING_CATALOGS = YES;
				MTL_ENABLE_DEBUG_INFO = NO;
				MTL_FAST_MATH = YES;
				SDKROOT = iphoneos;
				SWIFT_COMPILATION_MODE = wholemodule;
				VALIDATE_PRODUCT = YES;
			};
			name = Release;
		};
		DADC809F2D27D2EB006C5976 /* Debug */ = {
			isa = XCBuildConfiguration;
			buildSettings = {
				ASSETCATALOG_COMPILER_APPICON_NAME = AppIcon;
				ASSETCATALOG_COMPILER_GLOBAL_ACCENT_COLOR_NAME = AccentColor;
				CODE_SIGN_STYLE = Automatic;
				CURRENT_PROJECT_VERSION = 1;
				DEVELOPMENT_ASSET_PATHS = "\"BudgetApp/Preview Content\"";
				DEVELOPMENT_TEAM = 9D5F7A2A75;
				ENABLE_PREVIEWS = YES;
				GENERATE_INFOPLIST_FILE = YES;
				INFOPLIST_KEY_UIApplicationSceneManifest_Generation = YES;
				INFOPLIST_KEY_UIApplicationSupportsIndirectInputEvents = YES;
				INFOPLIST_KEY_UILaunchScreen_Generation = YES;
				INFOPLIST_KEY_UISupportedInterfaceOrientations_iPad = "UIInterfaceOrientationPortrait UIInterfaceOrientationPortraitUpsideDown UIInterfaceOrientationLandscapeLeft UIInterfaceOrientationLandscapeRight";
				INFOPLIST_KEY_UISupportedInterfaceOrientations_iPhone = "UIInterfaceOrientationPortrait UIInterfaceOrientationLandscapeLeft UIInterfaceOrientationLandscapeRight";
				IPHONEOS_DEPLOYMENT_TARGET = 15.6;
				LD_RUNPATH_SEARCH_PATHS = (
					"$(inherited)",
					"@executable_path/Frameworks",
				);
				MARKETING_VERSION = 1.0;
				PRODUCT_BUNDLE_IDENTIFIER = ElPatr0n.BudgetApp;
				PRODUCT_NAME = "$(TARGET_NAME)";
				SWIFT_EMIT_LOC_STRINGS = YES;
				SWIFT_VERSION = 5.0;
				TARGETED_DEVICE_FAMILY = "1,2";
			};
			name = Debug;
		};
		DADC80A02D27D2EB006C5976 /* Release */ = {
			isa = XCBuildConfiguration;
			buildSettings = {
				ASSETCATALOG_COMPILER_APPICON_NAME = AppIcon;
				ASSETCATALOG_COMPILER_GLOBAL_ACCENT_COLOR_NAME = AccentColor;
				CODE_SIGN_STYLE = Automatic;
				CURRENT_PROJECT_VERSION = 1;
				DEVELOPMENT_ASSET_PATHS = "\"BudgetApp/Preview Content\"";
				DEVELOPMENT_TEAM = 9D5F7A2A75;
				ENABLE_PREVIEWS = YES;
				GENERATE_INFOPLIST_FILE = YES;
				INFOPLIST_KEY_UIApplicationSceneManifest_Generation = YES;
				INFOPLIST_KEY_UIApplicationSupportsIndirectInputEvents = YES;
				INFOPLIST_KEY_UILaunchScreen_Generation = YES;
				INFOPLIST_KEY_UISupportedInterfaceOrientations_iPad = "UIInterfaceOrientationPortrait UIInterfaceOrientationPortraitUpsideDown UIInterfaceOrientationLandscapeLeft UIInterfaceOrientationLandscapeRight";
				INFOPLIST_KEY_UISupportedInterfaceOrientations_iPhone = "UIInterfaceOrientationPortrait UIInterfaceOrientationLandscapeLeft UIInterfaceOrientationLandscapeRight";
				IPHONEOS_DEPLOYMENT_TARGET = 15.6;
				LD_RUNPATH_SEARCH_PATHS = (
					"$(inherited)",
					"@executable_path/Frameworks",
				);
				MARKETING_VERSION = 1.0;
				PRODUCT_BUNDLE_IDENTIFIER = ElPatr0n.BudgetApp;
				PRODUCT_NAME = "$(TARGET_NAME)";
				SWIFT_EMIT_LOC_STRINGS = YES;
				SWIFT_VERSION = 5.0;
				TARGETED_DEVICE_FAMILY = "1,2";
			};
			name = Release;
		};
		DADC80A22D27D2EB006C5976 /* Debug */ = {
			isa = XCBuildConfiguration;
			buildSettings = {
				BUNDLE_LOADER = "$(TEST_HOST)";
				CODE_SIGN_STYLE = Automatic;
				CURRENT_PROJECT_VERSION = 1;
				DEVELOPMENT_TEAM = 9D5F7A2A75;
				GENERATE_INFOPLIST_FILE = YES;
				IPHONEOS_DEPLOYMENT_TARGET = 18.2;
				MARKETING_VERSION = 1.0;
				PRODUCT_BUNDLE_IDENTIFIER = ElPatr0n.BudgetAppTests;
				PRODUCT_NAME = "$(TARGET_NAME)";
				SWIFT_EMIT_LOC_STRINGS = NO;
				SWIFT_VERSION = 5.0;
				TARGETED_DEVICE_FAMILY = "1,2";
				TEST_HOST = "$(BUILT_PRODUCTS_DIR)/BudgetApp.app/$(BUNDLE_EXECUTABLE_FOLDER_PATH)/BudgetApp";
			};
			name = Debug;
		};
		DADC80A32D27D2EB006C5976 /* Release */ = {
			isa = XCBuildConfiguration;
			buildSettings = {
				BUNDLE_LOADER = "$(TEST_HOST)";
				CODE_SIGN_STYLE = Automatic;
				CURRENT_PROJECT_VERSION = 1;
				DEVELOPMENT_TEAM = 9D5F7A2A75;
				GENERATE_INFOPLIST_FILE = YES;
				IPHONEOS_DEPLOYMENT_TARGET = 18.2;
				MARKETING_VERSION = 1.0;
				PRODUCT_BUNDLE_IDENTIFIER = ElPatr0n.BudgetAppTests;
				PRODUCT_NAME = "$(TARGET_NAME)";
				SWIFT_EMIT_LOC_STRINGS = NO;
				SWIFT_VERSION = 5.0;
				TARGETED_DEVICE_FAMILY = "1,2";
				TEST_HOST = "$(BUILT_PRODUCTS_DIR)/BudgetApp.app/$(BUNDLE_EXECUTABLE_FOLDER_PATH)/BudgetApp";
			};
			name = Release;
		};
		DADC80A52D27D2EB006C5976 /* Debug */ = {
			isa = XCBuildConfiguration;
			buildSettings = {
				CODE_SIGN_STYLE = Automatic;
				CURRENT_PROJECT_VERSION = 1;
				DEVELOPMENT_TEAM = 9D5F7A2A75;
				GENERATE_INFOPLIST_FILE = YES;
				MARKETING_VERSION = 1.0;
				PRODUCT_BUNDLE_IDENTIFIER = ElPatr0n.BudgetAppUITests;
				PRODUCT_NAME = "$(TARGET_NAME)";
				SWIFT_EMIT_LOC_STRINGS = NO;
				SWIFT_VERSION = 5.0;
				TARGETED_DEVICE_FAMILY = "1,2";
				TEST_TARGET_NAME = BudgetApp;
			};
			name = Debug;
		};
		DADC80A62D27D2EB006C5976 /* Release */ = {
			isa = XCBuildConfiguration;
			buildSettings = {
				CODE_SIGN_STYLE = Automatic;
				CURRENT_PROJECT_VERSION = 1;
				DEVELOPMENT_TEAM = 9D5F7A2A75;
				GENERATE_INFOPLIST_FILE = YES;
				MARKETING_VERSION = 1.0;
				PRODUCT_BUNDLE_IDENTIFIER = ElPatr0n.BudgetAppUITests;
				PRODUCT_NAME = "$(TARGET_NAME)";
				SWIFT_EMIT_LOC_STRINGS = NO;
				SWIFT_VERSION = 5.0;
				TARGETED_DEVICE_FAMILY = "1,2";
				TEST_TARGET_NAME = BudgetApp;
			};
			name = Release;
		};
/* End XCBuildConfiguration section */

/* Begin XCConfigurationList section */
		DADC80702D27D2E9006C5976 /* Build configuration list for PBXProject "BudgetApp" */ = {
			isa = XCConfigurationList;
			buildConfigurations = (
				DADC809C2D27D2EB006C5976 /* Debug */,
				DADC809D2D27D2EB006C5976 /* Release */,
			);
			defaultConfigurationIsVisible = 0;
			defaultConfigurationName = Release;
		};
		DADC809E2D27D2EB006C5976 /* Build configuration list for PBXNativeTarget "BudgetApp" */ = {
			isa = XCConfigurationList;
			buildConfigurations = (
				DADC809F2D27D2EB006C5976 /* Debug */,
				DADC80A02D27D2EB006C5976 /* Release */,
			);
			defaultConfigurationIsVisible = 0;
			defaultConfigurationName = Release;
		};
		DADC80A12D27D2EB006C5976 /* Build configuration list for PBXNativeTarget "BudgetAppTests" */ = {
			isa = XCConfigurationList;
			buildConfigurations = (
				DADC80A22D27D2EB006C5976 /* Debug */,
				DADC80A32D27D2EB006C5976 /* Release */,
			);
			defaultConfigurationIsVisible = 0;
			defaultConfigurationName = Release;
		};
		DADC80A42D27D2EB006C5976 /* Build configuration list for PBXNativeTarget "BudgetAppUITests" */ = {
			isa = XCConfigurationList;
			buildConfigurations = (
				DADC80A52D27D2EB006C5976 /* Debug */,
				DADC80A62D27D2EB006C5976 /* Release */,
			);
			defaultConfigurationIsVisible = 0;
			defaultConfigurationName = Release;
		};
/* End XCConfigurationList section */
	};
	rootObject = DADC806D2D27D2E9006C5976 /* Project object */;
}
